{
  "name": "@supy/retailer-item-bulk-upload",
  "version": "0.0.0",
  "lockfileVersion": 3,
  "requires": true,
  "packages": {
    "": {
      "name": "@supy/retailer-item-bulk-upload",
      "version": "0.0.0",
      "dependencies": {
        "@supy/common": "file:../common"
      }
    },
    "../common": {
      "name": "@supy/common",
      "version": "0.0.0"
    },
    "node_modules/@supy/common": {
      "resolved": "../common",
      "link": true
    }
  }
}
